
Microsoft Visual Studio Solution File, Format Version 12.00
# Visual Studio Version 16
VisualStudioVersion = 16.0.30717.126
MinimumVisualStudioVersion = 10.0.40219.1
Project("{FAE04EC0-301F-11D3-BF4B-00C04F79EFBC}") = "Roommates", "Roommates\Roommates.csproj", "{6BC9C035-6004-4A00-A1C0-18A350685431}"
EndProject
Global
	GlobalSection(SolutionConfigurationPlatforms) = preSolution
		Debug|Any CPU = Debug|Any CPU
		Release|Any CPU = Release|Any CPU
	EndGlobalSection
	GlobalSection(ProjectConfigurationPlatforms) = postSolution
		{6BC9C035-6004-4A00-A1C0-18A350685431}.Debug|Any CPU.ActiveCfg = Debug|Any CPU
		{6BC9C035-6004-4A00-A1C0-18A350685431}.Debug|Any CPU.Build.0 = Debug|Any CPU
		{6BC9C035-6004-4A00-A1C0-18A350685431}.Release|Any CPU.ActiveCfg = Release|Any CPU
		{6BC9C035-6004-4A00-A1C0-18A350685431}.Release|Any CPU.Build.0 = Release|Any CPU
	EndGlobalSection
	GlobalSection(SolutionProperties) = preSolution
		HideSolutionNode = FALSE
	EndGlobalSection
	GlobalSection(ExtensibilityGlobals) = postSolution
		SolutionGuid = {DD1E707F-76FA-4D12-985D-1C6B7E9294AA}
	EndGlobalSection
EndGlobal
